
Microsoft Visual Studio Solution File, Format Version 12.00
# Visual Studio Version 17
VisualStudioVersion = 17.13.35825.156 d17.13
MinimumVisualStudioVersion = 10.0.40219.1
Project("{FAE04EC0-301F-11D3-BF4B-00C04F79EFBC}") = "PolyExample", "PolyExample.csproj", "{B604A31E-FBFE-4726-9694-78BA68B5F018}"
EndProject
Global
	GlobalSection(SolutionConfigurationPlatforms) = preSolution
		Debug|Any CPU = Debug|Any CPU
		Release|Any CPU = Release|Any CPU
	EndGlobalSection
	GlobalSection(ProjectConfigurationPlatforms) = postSolution
		{B604A31E-FBFE-4726-9694-78BA68B5F018}.Debug|Any CPU.ActiveCfg = Debug|Any CPU
		{B604A31E-FBFE-4726-9694-78BA68B5F018}.Debug|Any CPU.Build.0 = Debug|Any CPU
		{B604A31E-FBFE-4726-9694-78BA68B5F018}.Release|Any CPU.ActiveCfg = Release|Any CPU
		{B604A31E-FBFE-4726-9694-78BA68B5F018}.Release|Any CPU.Build.0 = Release|Any CPU
	EndGlobalSection
	GlobalSection(SolutionProperties) = preSolution
		HideSolutionNode = FALSE
	EndGlobalSection
	GlobalSection(ExtensibilityGlobals) = postSolution
		SolutionGuid = {974CF98B-9F93-487E-9312-19AE593B5A01}
	EndGlobalSection
EndGlobal
